
Microsoft Visual Studio Solution File, Format Version 12.00
# Visual Studio Version 16
VisualStudioVersion = 16.0.29911.84
MinimumVisualStudioVersion = 10.0.40219.1
Project("{FAE04EC0-301F-11D3-BF4B-00C04F79EFBC}") = "level1", "level1.csproj", "{B744EF65-2C4D-43C8-A2FC-4A3CC251FC8F}"
EndProject
Global
	GlobalSection(SolutionConfigurationPlatforms) = preSolution
		Debug|Any CPU = Debug|Any CPU
		Release|Any CPU = Release|Any CPU
	EndGlobalSection
	GlobalSection(ProjectConfigurationPlatforms) = postSolution
		{B744EF65-2C4D-43C8-A2FC-4A3CC251FC8F}.Debug|Any CPU.ActiveCfg = Debug|Any CPU
		{B744EF65-2C4D-43C8-A2FC-4A3CC251FC8F}.Debug|Any CPU.Build.0 = Debug|Any CPU
		{B744EF65-2C4D-43C8-A2FC-4A3CC251FC8F}.Release|Any CPU.ActiveCfg = Release|Any CPU
		{B744EF65-2C4D-43C8-A2FC-4A3CC251FC8F}.Release|Any CPU.Build.0 = Release|Any CPU
	EndGlobalSection
	GlobalSection(SolutionProperties) = preSolution
		HideSolutionNode = FALSE
	EndGlobalSection
	GlobalSection(ExtensibilityGlobals) = postSolution
		SolutionGuid = {764D4C05-5415-4883-8999-1EC6ED9DB621}
	EndGlobalSection
EndGlobal
