
Microsoft Visual Studio Solution File, Format Version 12.00
# Visual Studio Version 16
VisualStudioVersion = 16.0.29911.84
MinimumVisualStudioVersion = 10.0.40219.1
Project("{FAE04EC0-301F-11D3-BF4B-00C04F79EFBC}") = "p2lesson4", "p2lesson4.csproj", "{183190EA-73D9-4DB5-A49C-FC26DBA02610}"
EndProject
Global
	GlobalSection(SolutionConfigurationPlatforms) = preSolution
		Debug|Any CPU = Debug|Any CPU
		Release|Any CPU = Release|Any CPU
	EndGlobalSection
	GlobalSection(ProjectConfigurationPlatforms) = postSolution
		{183190EA-73D9-4DB5-A49C-FC26DBA02610}.Debug|Any CPU.ActiveCfg = Debug|Any CPU
		{183190EA-73D9-4DB5-A49C-FC26DBA02610}.Debug|Any CPU.Build.0 = Debug|Any CPU
		{183190EA-73D9-4DB5-A49C-FC26DBA02610}.Release|Any CPU.ActiveCfg = Release|Any CPU
		{183190EA-73D9-4DB5-A49C-FC26DBA02610}.Release|Any CPU.Build.0 = Release|Any CPU
	EndGlobalSection
	GlobalSection(SolutionProperties) = preSolution
		HideSolutionNode = FALSE
	EndGlobalSection
	GlobalSection(ExtensibilityGlobals) = postSolution
		SolutionGuid = {0B7A9823-17D4-4188-8EF2-5E670D678A20}
	EndGlobalSection
EndGlobal
