
Microsoft Visual Studio Solution File, Format Version 12.00
# Visual Studio Version 16
VisualStudioVersion = 16.0.29911.84
MinimumVisualStudioVersion = 10.0.40219.1
Project("{FAE04EC0-301F-11D3-BF4B-00C04F79EFBC}") = "p2lesson2", "p2lesson2.csproj", "{2AC76485-21DF-4997-A756-96ECE039CAA3}"
EndProject
Global
	GlobalSection(SolutionConfigurationPlatforms) = preSolution
		Debug|Any CPU = Debug|Any CPU
		Release|Any CPU = Release|Any CPU
	EndGlobalSection
	GlobalSection(ProjectConfigurationPlatforms) = postSolution
		{2AC76485-21DF-4997-A756-96ECE039CAA3}.Debug|Any CPU.ActiveCfg = Debug|Any CPU
		{2AC76485-21DF-4997-A756-96ECE039CAA3}.Debug|Any CPU.Build.0 = Debug|Any CPU
		{2AC76485-21DF-4997-A756-96ECE039CAA3}.Release|Any CPU.ActiveCfg = Release|Any CPU
		{2AC76485-21DF-4997-A756-96ECE039CAA3}.Release|Any CPU.Build.0 = Release|Any CPU
	EndGlobalSection
	GlobalSection(SolutionProperties) = preSolution
		HideSolutionNode = FALSE
	EndGlobalSection
	GlobalSection(ExtensibilityGlobals) = postSolution
		SolutionGuid = {D562E534-C9A6-41AD-9C68-ECF576AEE879}
	EndGlobalSection
EndGlobal
