
Microsoft Visual Studio Solution File, Format Version 12.00
# Visual Studio Version 16
VisualStudioVersion = 16.0.29911.84
MinimumVisualStudioVersion = 10.0.40219.1
Project("{FAE04EC0-301F-11D3-BF4B-00C04F79EFBC}") = "p2lesson6", "p2lesson6.csproj", "{E6EFE77D-5695-4AD6-B1FA-50476DC61C93}"
EndProject
Global
	GlobalSection(SolutionConfigurationPlatforms) = preSolution
		Debug|Any CPU = Debug|Any CPU
		Release|Any CPU = Release|Any CPU
	EndGlobalSection
	GlobalSection(ProjectConfigurationPlatforms) = postSolution
		{E6EFE77D-5695-4AD6-B1FA-50476DC61C93}.Debug|Any CPU.ActiveCfg = Debug|Any CPU
		{E6EFE77D-5695-4AD6-B1FA-50476DC61C93}.Debug|Any CPU.Build.0 = Debug|Any CPU
		{E6EFE77D-5695-4AD6-B1FA-50476DC61C93}.Release|Any CPU.ActiveCfg = Release|Any CPU
		{E6EFE77D-5695-4AD6-B1FA-50476DC61C93}.Release|Any CPU.Build.0 = Release|Any CPU
	EndGlobalSection
	GlobalSection(SolutionProperties) = preSolution
		HideSolutionNode = FALSE
	EndGlobalSection
	GlobalSection(ExtensibilityGlobals) = postSolution
		SolutionGuid = {04635474-9692-4BF4-AFA4-67E750D0E5AF}
	EndGlobalSection
EndGlobal
